// !$*UTF8*$!
{
	archiveVersion = 1;
	classes = {
	};
	objectVersion = 77;
	objects = {

/* Begin PBXBuildFile section */
		FB4C30152DD0F0F700E6E14A /* PersistenceView.swift in Sources */ = {isa = PBXBuildFile; fileRef = FB4C30142DD0F0F700E6E14A /* PersistenceView.swift */; };
		FB4C301A2DD0F13900E6E14A /* PersistenceVM.swift in Sources */ = {isa = PBXBuildFile; fileRef = FB4C30192DD0F13900E6E14A /* PersistenceVM.swift */; };
		FB4C301D2DD0FF7C00E6E14A /* CifradoView.swift in Sources */ = {isa = PBXBuildFile; fileRef = FB4C301C2DD0FF7C00E6E14A /* CifradoView.swift */; };
		FB4C301F2DD0FF8500E6E14A /* CifradoVM.swift in Sources */ = {isa = PBXBuildFile; fileRef = FB4C301E2DD0FF8500E6E14A /* CifradoVM.swift */; };
		FB4C30212DD0FFA000E6E14A /* SecureKeyManager.swift in Sources */ = {isa = PBXBuildFile; fileRef = FB4C30202DD0FFA000E6E14A /* SecureKeyManager.swift */; };
		FB4C30242DD2384000E6E14A /* LocalAuthenticationView.swift in Sources */ = {isa = PBXBuildFile; fileRef = FB4C30232DD2384000E6E14A /* LocalAuthenticationView.swift */; };
		FB4C30262DD2385300E6E14A /* LocalAuthVM.swift in Sources */ = {isa = PBXBuildFile; fileRef = FB4C30252DD2385300E6E14A /* LocalAuthVM.swift */; };
		FB4C30292DD3916800E6E14A /* SecurePersistenceVM.swift in Sources */ = {isa = PBXBuildFile; fileRef = FB4C30282DD3916800E6E14A /* SecurePersistenceVM.swift */; };
		FB4C302B2DD3917600E6E14A /* SecurePersistenceView.swift in Sources */ = {isa = PBXBuildFile; fileRef = FB4C302A2DD3917600E6E14A /* SecurePersistenceView.swift */; };
		FB4C302D2DD39D1100E6E14A /* ClientsDB.swift in Sources */ = {isa = PBXBuildFile; fileRef = FB4C302C2DD39D1100E6E14A /* ClientsDB.swift */; };
		FBB94FB52DCE257000878DE2 /* Assets.xcassets in Resources */ = {isa = PBXBuildFile; fileRef = FBB94FB12DCE257000878DE2 /* Assets.xcassets */; };
		FBB94FB62DCE257000878DE2 /* ContentView.swift in Sources */ = {isa = PBXBuildFile; fileRef = FBB94FB22DCE257000878DE2 /* ContentView.swift */; };
		FBB94FB72DCE257000878DE2 /* SecretAppApp.swift in Sources */ = {isa = PBXBuildFile; fileRef = FBB94FB32DCE257000878DE2 /* SecretAppApp.swift */; };
		FBB94FB92DCE25A600878DE2 /* SecKeyStore.swift in Sources */ = {isa = PBXBuildFile; fileRef = FBB94FB82DCE25A500878DE2 /* SecKeyStore.swift */; };
		FBB94FBB2DCE2A3E00878DE2 /* KeyChain.swift in Sources */ = {isa = PBXBuildFile; fileRef = FBB94FBA2DCE2A3E00878DE2 /* KeyChain.swift */; };
/* End PBXBuildFile section */

/* Begin PBXFileReference section */
		FB4C30142DD0F0F700E6E14A /* PersistenceView.swift */ = {isa = PBXFileReference; lastKnownFileType = sourcecode.swift; path = PersistenceView.swift; sourceTree = "<group>"; };
		FB4C30192DD0F13900E6E14A /* PersistenceVM.swift */ = {isa = PBXFileReference; lastKnownFileType = sourcecode.swift; path = PersistenceVM.swift; sourceTree = "<group>"; };
		FB4C301C2DD0FF7C00E6E14A /* CifradoView.swift */ = {isa = PBXFileReference; lastKnownFileType = sourcecode.swift; path = CifradoView.swift; sourceTree = "<group>"; };
		FB4C301E2DD0FF8500E6E14A /* CifradoVM.swift */ = {isa = PBXFileReference; lastKnownFileType = sourcecode.swift; path = CifradoVM.swift; sourceTree = "<group>"; };
		FB4C30202DD0FFA000E6E14A /* SecureKeyManager.swift */ = {isa = PBXFileReference; lastKnownFileType = sourcecode.swift; path = SecureKeyManager.swift; sourceTree = "<group>"; };
		FB4C30232DD2384000E6E14A /* LocalAuthenticationView.swift */ = {isa = PBXFileReference; lastKnownFileType = sourcecode.swift; path = LocalAuthenticationView.swift; sourceTree = "<group>"; };
		FB4C30252DD2385300E6E14A /* LocalAuthVM.swift */ = {isa = PBXFileReference; lastKnownFileType = sourcecode.swift; path = LocalAuthVM.swift; sourceTree = "<group>"; };
		FB4C30282DD3916800E6E14A /* SecurePersistenceVM.swift */ = {isa = PBXFileReference; lastKnownFileType = sourcecode.swift; path = SecurePersistenceVM.swift; sourceTree = "<group>"; };
		FB4C302A2DD3917600E6E14A /* SecurePersistenceView.swift */ = {isa = PBXFileReference; lastKnownFileType = sourcecode.swift; path = SecurePersistenceView.swift; sourceTree = "<group>"; };
		FB4C302C2DD39D1100E6E14A /* ClientsDB.swift */ = {isa = PBXFileReference; lastKnownFileType = sourcecode.swift; path = ClientsDB.swift; sourceTree = "<group>"; };
		FBB94FA32DCE254D00878DE2 /* SecretApp.app */ = {isa = PBXFileReference; explicitFileType = wrapper.application; includeInIndex = 0; path = SecretApp.app; sourceTree = BUILT_PRODUCTS_DIR; };
		FBB94FB12DCE257000878DE2 /* Assets.xcassets */ = {isa = PBXFileReference; lastKnownFileType = folder.assetcatalog; path = Assets.xcassets; sourceTree = "<group>"; };
		FBB94FB22DCE257000878DE2 /* ContentView.swift */ = {isa = PBXFileReference; lastKnownFileType = sourcecode.swift; path = ContentView.swift; sourceTree = "<group>"; };
		FBB94FB32DCE257000878DE2 /* SecretAppApp.swift */ = {isa = PBXFileReference; lastKnownFileType = sourcecode.swift; path = SecretAppApp.swift; sourceTree = "<group>"; };
		FBB94FB82DCE25A500878DE2 /* SecKeyStore.swift */ = {isa = PBXFileReference; lastKnownFileType = sourcecode.swift; path = SecKeyStore.swift; sourceTree = "<group>"; };
		FBB94FBA2DCE2A3E00878DE2 /* KeyChain.swift */ = {isa = PBXFileReference; lastKnownFileType = sourcecode.swift; path = KeyChain.swift; sourceTree = "<group>"; };
/* End PBXFileReference section */

/* Begin PBXFrameworksBuildPhase section */
		FBB94FA02DCE254D00878DE2 /* Frameworks */ = {
			isa = PBXFrameworksBuildPhase;
			buildActionMask = 2147483647;
			files = (
			);
			runOnlyForDeploymentPostprocessing = 0;
		};
/* End PBXFrameworksBuildPhase section */

/* Begin PBXGroup section */
		FB4C30162DD0F10D00E6E14A /* Persistence */ = {
			isa = PBXGroup;
			children = (
				FB4C30142DD0F0F700E6E14A /* PersistenceView.swift */,
				FB4C30192DD0F13900E6E14A /* PersistenceVM.swift */,
			);
			path = Persistence;
			sourceTree = "<group>";
		};
		FB4C301B2DD0FF6300E6E14A /* Cifrado */ = {
			isa = PBXGroup;
			children = (
				FB4C301C2DD0FF7C00E6E14A /* CifradoView.swift */,
				FB4C301E2DD0FF8500E6E14A /* CifradoVM.swift */,
			);
			path = Cifrado;
			sourceTree = "<group>";
		};
		FB4C30222DD2381500E6E14A /* LocalAuthentication */ = {
			isa = PBXGroup;
			children = (
				FB4C30232DD2384000E6E14A /* LocalAuthenticationView.swift */,
				FB4C30252DD2385300E6E14A /* LocalAuthVM.swift */,
			);
			path = LocalAuthentication;
			sourceTree = "<group>";
		};
		FB4C30272DD3913F00E6E14A /* SecurePersistence */ = {
			isa = PBXGroup;
			children = (
				FB4C30282DD3916800E6E14A /* SecurePersistenceVM.swift */,
				FB4C302A2DD3917600E6E14A /* SecurePersistenceView.swift */,
				FB4C302C2DD39D1100E6E14A /* ClientsDB.swift */,
			);
			path = SecurePersistence;
			sourceTree = "<group>";
		};
		FBB94F9A2DCE254C00878DE2 = {
			isa = PBXGroup;
			children = (
				FBB94FB42DCE257000878DE2 /* SecretApp */,
				FBB94FA42DCE254D00878DE2 /* Products */,
			);
			sourceTree = "<group>";
		};
		FBB94FA42DCE254D00878DE2 /* Products */ = {
			isa = PBXGroup;
			children = (
				FBB94FA32DCE254D00878DE2 /* SecretApp.app */,
			);
			name = Products;
			sourceTree = "<group>";
		};
		FBB94FB42DCE257000878DE2 /* SecretApp */ = {
			isa = PBXGroup;
			children = (
				FBB94FB12DCE257000878DE2 /* Assets.xcassets */,
				FBB94FB22DCE257000878DE2 /* ContentView.swift */,
				FB4C30272DD3913F00E6E14A /* SecurePersistence */,
				FB4C30222DD2381500E6E14A /* LocalAuthentication */,
				FB4C301B2DD0FF6300E6E14A /* Cifrado */,
				FB4C30162DD0F10D00E6E14A /* Persistence */,
				FB4C30202DD0FFA000E6E14A /* SecureKeyManager.swift */,
				FBB94FB82DCE25A500878DE2 /* SecKeyStore.swift */,
				FBB94FBA2DCE2A3E00878DE2 /* KeyChain.swift */,
				FBB94FB32DCE257000878DE2 /* SecretAppApp.swift */,
			);
			path = SecretApp;
			sourceTree = "<group>";
		};
/* End PBXGroup section */

/* Begin PBXNativeTarget section */
		FBB94FA22DCE254D00878DE2 /* SecretApp */ = {
			isa = PBXNativeTarget;
			buildConfigurationList = FBB94FAE2DCE255100878DE2 /* Build configuration list for PBXNativeTarget "SecretApp" */;
			buildPhases = (
				FBB94F9F2DCE254D00878DE2 /* Sources */,
				FBB94FA02DCE254D00878DE2 /* Frameworks */,
				FBB94FA12DCE254D00878DE2 /* Resources */,
			);
			buildRules = (
			);
			dependencies = (
			);
			name = SecretApp;
			packageProductDependencies = (
			);
			productName = SecretApp;
			productReference = FBB94FA32DCE254D00878DE2 /* SecretApp.app */;
			productType = "com.apple.product-type.application";
		};
/* End PBXNativeTarget section */

/* Begin PBXProject section */
		FBB94F9B2DCE254D00878DE2 /* Project object */ = {
			isa = PBXProject;
			attributes = {
				BuildIndependentTargetsInParallel = 1;
				LastSwiftUpdateCheck = 1630;
				LastUpgradeCheck = 1630;
				TargetAttributes = {
					FBB94FA22DCE254D00878DE2 = {
						CreatedOnToolsVersion = 16.3;
					};
				};
			};
			buildConfigurationList = FBB94F9E2DCE254D00878DE2 /* Build configuration list for PBXProject "SecretApp" */;
			developmentRegion = en;
			hasScannedForEncodings = 0;
			knownRegions = (
				en,
				Base,
			);
			mainGroup = FBB94F9A2DCE254C00878DE2;
			minimizedProjectReferenceProxies = 1;
			preferredProjectObjectVersion = 77;
			productRefGroup = FBB94FA42DCE254D00878DE2 /* Products */;
			projectDirPath = "";
			projectRoot = "";
			targets = (
				FBB94FA22DCE254D00878DE2 /* SecretApp */,
			);
		};
/* End PBXProject section */

/* Begin PBXResourcesBuildPhase section */
		FBB94FA12DCE254D00878DE2 /* Resources */ = {
			isa = PBXResourcesBuildPhase;
			buildActionMask = 2147483647;
			files = (
				FBB94FB52DCE257000878DE2 /* Assets.xcassets in Resources */,
			);
			runOnlyForDeploymentPostprocessing = 0;
		};
/* End PBXResourcesBuildPhase section */

/* Begin PBXSourcesBuildPhase section */
		FBB94F9F2DCE254D00878DE2 /* Sources */ = {
			isa = PBXSourcesBuildPhase;
			buildActionMask = 2147483647;
			files = (
				FBB94FB62DCE257000878DE2 /* ContentView.swift in Sources */,
				FBB94FBB2DCE2A3E00878DE2 /* KeyChain.swift in Sources */,
				FB4C301A2DD0F13900E6E14A /* PersistenceVM.swift in Sources */,
				FB4C302B2DD3917600E6E14A /* SecurePersistenceView.swift in Sources */,
				FB4C30292DD3916800E6E14A /* SecurePersistenceVM.swift in Sources */,
				FBB94FB92DCE25A600878DE2 /* SecKeyStore.swift in Sources */,
				FB4C30212DD0FFA000E6E14A /* SecureKeyManager.swift in Sources */,
				FB4C30152DD0F0F700E6E14A /* PersistenceView.swift in Sources */,
				FB4C302D2DD39D1100E6E14A /* ClientsDB.swift in Sources */,
				FB4C301F2DD0FF8500E6E14A /* CifradoVM.swift in Sources */,
				FBB94FB72DCE257000878DE2 /* SecretAppApp.swift in Sources */,
				FB4C30242DD2384000E6E14A /* LocalAuthenticationView.swift in Sources */,
				FB4C30262DD2385300E6E14A /* LocalAuthVM.swift in Sources */,
				FB4C301D2DD0FF7C00E6E14A /* CifradoView.swift in Sources */,
			);
			runOnlyForDeploymentPostprocessing = 0;
		};
/* End PBXSourcesBuildPhase section */

/* Begin XCBuildConfiguration section */
		FBB94FAC2DCE255100878DE2 /* Debug */ = {
			isa = XCBuildConfiguration;
			buildSettings = {
				ALWAYS_SEARCH_USER_PATHS = NO;
				ASSETCATALOG_COMPILER_GENERATE_SWIFT_ASSET_SYMBOL_EXTENSIONS = YES;
				CLANG_ANALYZER_NONNULL = YES;
				CLANG_ANALYZER_NUMBER_OBJECT_CONVERSION = YES_AGGRESSIVE;
				CLANG_CXX_LANGUAGE_STANDARD = "gnu++20";
				CLANG_ENABLE_MODULES = YES;
				CLANG_ENABLE_OBJC_ARC = YES;
				CLANG_ENABLE_OBJC_WEAK = YES;
				CLANG_WARN_BLOCK_CAPTURE_AUTORELEASING = YES;
				CLANG_WARN_BOOL_CONVERSION = YES;
				CLANG_WARN_COMMA = YES;
				CLANG_WARN_CONSTANT_CONVERSION = YES;
				CLANG_WARN_DEPRECATED_OBJC_IMPLEMENTATIONS = YES;
				CLANG_WARN_DIRECT_OBJC_ISA_USAGE = YES_ERROR;
				CLANG_WARN_DOCUMENTATION_COMMENTS = YES;
				CLANG_WARN_EMPTY_BODY = YES;
				CLANG_WARN_ENUM_CONVERSION = YES;
				CLANG_WARN_INFINITE_RECURSION = YES;
				CLANG_WARN_INT_CONVERSION = YES;
				CLANG_WARN_NON_LITERAL_NULL_CONVERSION = YES;
				CLANG_WARN_OBJC_IMPLICIT_RETAIN_SELF = YES;
				CLANG_WARN_OBJC_LITERAL_CONVERSION = YES;
				CLANG_WARN_OBJC_ROOT_CLASS = YES_ERROR;
				CLANG_WARN_QUOTED_INCLUDE_IN_FRAMEWORK_HEADER = YES;
				CLANG_WARN_RANGE_LOOP_ANALYSIS = YES;
				CLANG_WARN_STRICT_PROTOTYPES = YES;
				CLANG_WARN_SUSPICIOUS_MOVE = YES;
				CLANG_WARN_UNGUARDED_AVAILABILITY = YES_AGGRESSIVE;
				CLANG_WARN_UNREACHABLE_CODE = YES;
				CLANG_WARN__DUPLICATE_METHOD_MATCH = YES;
				COPY_PHASE_STRIP = NO;
				DEBUG_INFORMATION_FORMAT = dwarf;
				DEVELOPMENT_TEAM = 7GRZBU3W5C;
				ENABLE_STRICT_OBJC_MSGSEND = YES;
				ENABLE_TESTABILITY = YES;
				ENABLE_USER_SCRIPT_SANDBOXING = YES;
				GCC_C_LANGUAGE_STANDARD = gnu17;
				GCC_DYNAMIC_NO_PIC = NO;
				GCC_NO_COMMON_BLOCKS = YES;
				GCC_OPTIMIZATION_LEVEL = 0;
				GCC_PREPROCESSOR_DEFINITIONS = (
					"DEBUG=1",
					"$(inherited)",
				);
				GCC_WARN_64_TO_32_BIT_CONVERSION = YES;
				GCC_WARN_ABOUT_RETURN_TYPE = YES_ERROR;
				GCC_WARN_UNDECLARED_SELECTOR = YES;
				GCC_WARN_UNINITIALIZED_AUTOS = YES_AGGRESSIVE;
				GCC_WARN_UNUSED_FUNCTION = YES;
				GCC_WARN_UNUSED_VARIABLE = YES;
				IPHONEOS_DEPLOYMENT_TARGET = 18.4;
				LOCALIZATION_PREFERS_STRING_CATALOGS = YES;
				MTL_ENABLE_DEBUG_INFO = INCLUDE_SOURCE;
				MTL_FAST_MATH = YES;
				ONLY_ACTIVE_ARCH = YES;
				SDKROOT = iphoneos;
				SWIFT_ACTIVE_COMPILATION_CONDITIONS = "DEBUG $(inherited)";
				SWIFT_OPTIMIZATION_LEVEL = "-Onone";
			};
			name = Debug;
		};
		FBB94FAD2DCE255100878DE2 /* Release */ = {
			isa = XCBuildConfiguration;
			buildSettings = {
				ALWAYS_SEARCH_USER_PATHS = NO;
				ASSETCATALOG_COMPILER_GENERATE_SWIFT_ASSET_SYMBOL_EXTENSIONS = YES;
				CLANG_ANALYZER_NONNULL = YES;
				CLANG_ANALYZER_NUMBER_OBJECT_CONVERSION = YES_AGGRESSIVE;
				CLANG_CXX_LANGUAGE_STANDARD = "gnu++20";
				CLANG_ENABLE_MODULES = YES;
				CLANG_ENABLE_OBJC_ARC = YES;
				CLANG_ENABLE_OBJC_WEAK = YES;
				CLANG_WARN_BLOCK_CAPTURE_AUTORELEASING = YES;
				CLANG_WARN_BOOL_CONVERSION = YES;
				CLANG_WARN_COMMA = YES;
				CLANG_WARN_CONSTANT_CONVERSION = YES;
				CLANG_WARN_DEPRECATED_OBJC_IMPLEMENTATIONS = YES;
				CLANG_WARN_DIRECT_OBJC_ISA_USAGE = YES_ERROR;
				CLANG_WARN_DOCUMENTATION_COMMENTS = YES;
				CLANG_WARN_EMPTY_BODY = YES;
				CLANG_WARN_ENUM_CONVERSION = YES;
				CLANG_WARN_INFINITE_RECURSION = YES;
				CLANG_WARN_INT_CONVERSION = YES;
				CLANG_WARN_NON_LITERAL_NULL_CONVERSION = YES;
				CLANG_WARN_OBJC_IMPLICIT_RETAIN_SELF = YES;
				CLANG_WARN_OBJC_LITERAL_CONVERSION = YES;
				CLANG_WARN_OBJC_ROOT_CLASS = YES_ERROR;
				CLANG_WARN_QUOTED_INCLUDE_IN_FRAMEWORK_HEADER = YES;
				CLANG_WARN_RANGE_LOOP_ANALYSIS = YES;
				CLANG_WARN_STRICT_PROTOTYPES = YES;
				CLANG_WARN_SUSPICIOUS_MOVE = YES;
				CLANG_WARN_UNGUARDED_AVAILABILITY = YES_AGGRESSIVE;
				CLANG_WARN_UNREACHABLE_CODE = YES;
				CLANG_WARN__DUPLICATE_METHOD_MATCH = YES;
				COPY_PHASE_STRIP = NO;
				DEBUG_INFORMATION_FORMAT = "dwarf-with-dsym";
				DEVELOPMENT_TEAM = 7GRZBU3W5C;
				ENABLE_NS_ASSERTIONS = NO;
				ENABLE_STRICT_OBJC_MSGSEND = YES;
				ENABLE_USER_SCRIPT_SANDBOXING = YES;
				GCC_C_LANGUAGE_STANDARD = gnu17;
				GCC_NO_COMMON_BLOCKS = YES;
				GCC_WARN_64_TO_32_BIT_CONVERSION = YES;
				GCC_WARN_ABOUT_RETURN_TYPE = YES_ERROR;
				GCC_WARN_UNDECLARED_SELECTOR = YES;
				GCC_WARN_UNINITIALIZED_AUTOS = YES_AGGRESSIVE;
				GCC_WARN_UNUSED_FUNCTION = YES;
				GCC_WARN_UNUSED_VARIABLE = YES;
				IPHONEOS_DEPLOYMENT_TARGET = 18.4;
				LOCALIZATION_PREFERS_STRING_CATALOGS = YES;
				MTL_ENABLE_DEBUG_INFO = NO;
				MTL_FAST_MATH = YES;
				SDKROOT = iphoneos;
				SWIFT_COMPILATION_MODE = wholemodule;
				VALIDATE_PRODUCT = YES;
			};
			name = Release;
		};
		FBB94FAF2DCE255100878DE2 /* Debug */ = {
			isa = XCBuildConfiguration;
			buildSettings = {
				ASSETCATALOG_COMPILER_APPICON_NAME = AppIcon;
				ASSETCATALOG_COMPILER_GLOBAL_ACCENT_COLOR_NAME = AccentColor;
				CODE_SIGN_STYLE = Automatic;
				CURRENT_PROJECT_VERSION = 1;
				DEVELOPMENT_TEAM = 7GRZBU3W5C;
				ENABLE_PREVIEWS = YES;
				GENERATE_INFOPLIST_FILE = YES;
				INFOPLIST_KEY_NSFaceIDUsageDescription = "I will use your Face";
				INFOPLIST_KEY_UIApplicationSceneManifest_Generation = YES;
				INFOPLIST_KEY_UIApplicationSupportsIndirectInputEvents = YES;
				INFOPLIST_KEY_UILaunchScreen_Generation = YES;
				INFOPLIST_KEY_UISupportedInterfaceOrientations_iPad = "UIInterfaceOrientationPortrait UIInterfaceOrientationPortraitUpsideDown UIInterfaceOrientationLandscapeLeft UIInterfaceOrientationLandscapeRight";
				INFOPLIST_KEY_UISupportedInterfaceOrientations_iPhone = "UIInterfaceOrientationPortrait UIInterfaceOrientationLandscapeLeft UIInterfaceOrientationLandscapeRight";
				LD_RUNPATH_SEARCH_PATHS = (
					"$(inherited)",
					"@executable_path/Frameworks",
				);
				MARKETING_VERSION = 1.0;
				PRODUCT_BUNDLE_IDENTIFIER = com.cxcarvaj.SecretApp;
				PRODUCT_NAME = "$(TARGET_NAME)";
				SWIFT_EMIT_LOC_STRINGS = YES;
				SWIFT_VERSION = 6.0;
				TARGETED_DEVICE_FAMILY = "1,2";
			};
			name = Debug;
		};
		FBB94FB02DCE255100878DE2 /* Release */ = {
			isa = XCBuildConfiguration;
			buildSettings = {
				ASSETCATALOG_COMPILER_APPICON_NAME = AppIcon;
				ASSETCATALOG_COMPILER_GLOBAL_ACCENT_COLOR_NAME = AccentColor;
				CODE_SIGN_STYLE = Automatic;
				CURRENT_PROJECT_VERSION = 1;
				DEVELOPMENT_TEAM = 7GRZBU3W5C;
				ENABLE_PREVIEWS = YES;
				GENERATE_INFOPLIST_FILE = YES;
				INFOPLIST_KEY_NSFaceIDUsageDescription = "I will use your Face";
				INFOPLIST_KEY_UIApplicationSceneManifest_Generation = YES;
				INFOPLIST_KEY_UIApplicationSupportsIndirectInputEvents = YES;
				INFOPLIST_KEY_UILaunchScreen_Generation = YES;
				INFOPLIST_KEY_UISupportedInterfaceOrientations_iPad = "UIInterfaceOrientationPortrait UIInterfaceOrientationPortraitUpsideDown UIInterfaceOrientationLandscapeLeft UIInterfaceOrientationLandscapeRight";
				INFOPLIST_KEY_UISupportedInterfaceOrientations_iPhone = "UIInterfaceOrientationPortrait UIInterfaceOrientationLandscapeLeft UIInterfaceOrientationLandscapeRight";
				LD_RUNPATH_SEARCH_PATHS = (
					"$(inherited)",
					"@executable_path/Frameworks",
				);
				MARKETING_VERSION = 1.0;
				PRODUCT_BUNDLE_IDENTIFIER = com.cxcarvaj.SecretApp;
				PRODUCT_NAME = "$(TARGET_NAME)";
				SWIFT_EMIT_LOC_STRINGS = YES;
				SWIFT_VERSION = 6.0;
				TARGETED_DEVICE_FAMILY = "1,2";
			};
			name = Release;
		};
/* End XCBuildConfiguration section */

/* Begin XCConfigurationList section */
		FBB94F9E2DCE254D00878DE2 /* Build configuration list for PBXProject "SecretApp" */ = {
			isa = XCConfigurationList;
			buildConfigurations = (
				FBB94FAC2DCE255100878DE2 /* Debug */,
				FBB94FAD2DCE255100878DE2 /* Release */,
			);
			defaultConfigurationIsVisible = 0;
			defaultConfigurationName = Release;
		};
		FBB94FAE2DCE255100878DE2 /* Build configuration list for PBXNativeTarget "SecretApp" */ = {
			isa = XCConfigurationList;
			buildConfigurations = (
				FBB94FAF2DCE255100878DE2 /* Debug */,
				FBB94FB02DCE255100878DE2 /* Release */,
			);
			defaultConfigurationIsVisible = 0;
			defaultConfigurationName = Release;
		};
/* End XCConfigurationList section */
	};
	rootObject = FBB94F9B2DCE254D00878DE2 /* Project object */;
}
